
Microsoft Visual Studio Solution File, Format Version 12.00
# Visual Studio 15
VisualStudioVersion = 15.0.26730.3
MinimumVisualStudioVersion = 10.0.40219.1
Project("{9A19103F-16F7-4668-BE54-9A1E7A4F7556}") = "TheBelt", "TheBelt\TheBelt.csproj", "{EAB91914-4DDE-46F4-9EF8-A87D09F4DD03}"
EndProject
Project("{9A19103F-16F7-4668-BE54-9A1E7A4F7556}") = "TheBelt.xUnit", "TheBelt.xUnit\TheBelt.xUnit.csproj", "{0FC5F0AB-45F8-453E-99EB-82EF38E6A5EE}"
EndProject
Project("{9A19103F-16F7-4668-BE54-9A1E7A4F7556}") = "BeltCLI", "BeltCLI\BeltCLI.csproj", "{0DA8E1E5-D408-4018-8BF6-F3C6D78E97A8}"
EndProject
Project("{9A19103F-16F7-4668-BE54-9A1E7A4F7556}") = "TheBelt.XmlToJson", "TheBelt.XmlToJson\TheBelt.XmlToJson.csproj", "{2BFB3740-90CB-4489-BD95-E95FDD7E8AFF}"
EndProject
Project("{FAE04EC0-301F-11D3-BF4B-00C04F79EFBC}") = "TheBelt.Web", "TheBelt.Web\TheBelt.Web.csproj", "{67E70387-C36A-4C1D-9B2A-FBBBE2E8F8B1}"
EndProject
Global
	GlobalSection(SolutionConfigurationPlatforms) = preSolution
		Debug|Any CPU = Debug|Any CPU
		Release|Any CPU = Release|Any CPU
	EndGlobalSection
	GlobalSection(ProjectConfigurationPlatforms) = postSolution
		{EAB91914-4DDE-46F4-9EF8-A87D09F4DD03}.Debug|Any CPU.ActiveCfg = Debug|Any CPU
		{EAB91914-4DDE-46F4-9EF8-A87D09F4DD03}.Debug|Any CPU.Build.0 = Debug|Any CPU
		{EAB91914-4DDE-46F4-9EF8-A87D09F4DD03}.Release|Any CPU.ActiveCfg = Release|Any CPU
		{EAB91914-4DDE-46F4-9EF8-A87D09F4DD03}.Release|Any CPU.Build.0 = Release|Any CPU
		{0FC5F0AB-45F8-453E-99EB-82EF38E6A5EE}.Debug|Any CPU.ActiveCfg = Debug|Any CPU
		{0FC5F0AB-45F8-453E-99EB-82EF38E6A5EE}.Debug|Any CPU.Build.0 = Debug|Any CPU
		{0FC5F0AB-45F8-453E-99EB-82EF38E6A5EE}.Release|Any CPU.ActiveCfg = Release|Any CPU
		{0FC5F0AB-45F8-453E-99EB-82EF38E6A5EE}.Release|Any CPU.Build.0 = Release|Any CPU
		{0DA8E1E5-D408-4018-8BF6-F3C6D78E97A8}.Debug|Any CPU.ActiveCfg = Debug|Any CPU
		{0DA8E1E5-D408-4018-8BF6-F3C6D78E97A8}.Debug|Any CPU.Build.0 = Debug|Any CPU
		{0DA8E1E5-D408-4018-8BF6-F3C6D78E97A8}.Release|Any CPU.ActiveCfg = Release|Any CPU
		{0DA8E1E5-D408-4018-8BF6-F3C6D78E97A8}.Release|Any CPU.Build.0 = Release|Any CPU
		{2BFB3740-90CB-4489-BD95-E95FDD7E8AFF}.Debug|Any CPU.ActiveCfg = Debug|Any CPU
		{2BFB3740-90CB-4489-BD95-E95FDD7E8AFF}.Debug|Any CPU.Build.0 = Debug|Any CPU
		{2BFB3740-90CB-4489-BD95-E95FDD7E8AFF}.Release|Any CPU.ActiveCfg = Release|Any CPU
		{2BFB3740-90CB-4489-BD95-E95FDD7E8AFF}.Release|Any CPU.Build.0 = Release|Any CPU
		{67E70387-C36A-4C1D-9B2A-FBBBE2E8F8B1}.Debug|Any CPU.ActiveCfg = Debug|Any CPU
		{67E70387-C36A-4C1D-9B2A-FBBBE2E8F8B1}.Debug|Any CPU.Build.0 = Debug|Any CPU
		{67E70387-C36A-4C1D-9B2A-FBBBE2E8F8B1}.Release|Any CPU.ActiveCfg = Release|Any CPU
		{67E70387-C36A-4C1D-9B2A-FBBBE2E8F8B1}.Release|Any CPU.Build.0 = Release|Any CPU
	EndGlobalSection
	GlobalSection(SolutionProperties) = preSolution
		HideSolutionNode = FALSE
	EndGlobalSection
	GlobalSection(ExtensibilityGlobals) = postSolution
		SolutionGuid = {512AA0F7-80C5-48C5-9417-2660916C7EA4}
	EndGlobalSection
EndGlobal
